{
    "_readme": [
        "This file locks the dependencies of your project to a known state",
        "Read more about it at https://getcomposer.org/doc/01-basic-usage.md#installing-dependencies",
        "This file is @generated automatically"
    ],
    "content-hash": "d6dadf9f01a1bbfed0f95f4ba038758b",
    "packages": [
        {
            "name": "dg/composer-cleaner",
            "version": "v2.2.1",
            "source": {
                "type": "git",
                "url": "https://github.com/dg/composer-cleaner.git",
                "reference": "b0fc3d177a9da6c61b5176e57025654391de600c"
            },
            "dist": {
                "type": "zip",
                "url": "https://api.github.com/repos/dg/composer-cleaner/zipball/b0fc3d177a9da6c61b5176e57025654391de600c",
                "reference": "b0fc3d177a9da6c61b5176e57025654391de600c",
                "shasum": ""
            },
            "require": {
                "composer-plugin-api": "^1.0 || ^2.0",
                "php": ">=7.1"
            },
            "require-dev": {
                "composer/composer": "^1.10 || ^2.0",
                "nette/tester": "^2.2",
                "phpstan/phpstan": "^0.12"
            },
            "type": "composer-plugin",
            "extra": {
                "class": "DG\\ComposerCleaner\\Plugin"
            },
            "autoload": {
                "classmap": [
                    "src/"
                ]
            },
            "notification-url": "https://packagist.org/downloads/",
            "license": [
                "BSD-3-Clause"
            ],
            "authors": [
                {
                    "name": "David Grudl",
                    "homepage": "https://davidgrudl.com"
                }
            ],
            "description": "Victor The Cleaner: removes unnecessary files from vendor directory.",
            "keywords": [
                "composer"
            ],
            "support": {
                "issues": "https://github.com/dg/composer-cleaner/issues",
                "source": "https://github.com/dg/composer-cleaner/tree/v2.2.1"
            },
            "time": "2022-04-02T16:11:52+00:00"
        }
    ],
    "packages-dev": [],
    "aliases": [],
    "minimum-stability": "stable",
    "stability-flags": [],
    "prefer-stable": false,
    "prefer-lowest": false,
    "platform": {
        "php": "~8.1"
    },
    "platform-dev": [],
    "plugin-api-version": "2.3.0"
}
